github.com/segmentio/cli v0.3.5 h1:wDJVfQ6WBv/wLoFJxsz7QHv7bC5jVrQIr7grOIwuwk0=
github.com/segmentio/cli v0.3.5/go.mod h1:+m0rKUSZsAc4BPzL3Cw9jergrTVzySBdBerJcC/qfes=
github.com/segmentio/fs v0.1.0 h1:3du3D87Psv5oNwDJKYD+BSYNM6tWEpVhOnAIi5lu08Y=
github.com/segmentio/fs v0.1.0/go.mod h1:jNd0HEAtaU3kESmi2p6x+KX5xwN2ayP7l4DOrx3cKG0=
gopkg.in/check.v1 v0.0.0-20161208181325-20d25e280405 h1:yhCVgyC4o1eVCa2tZl7eS0r+SDo693bJlVdllGtEeKM=
gopkg.in/check.v1 v0.0.0-20161208181325-20d25e280405/go.mod h1:Co6ibVJAznAaIkqp8huTwlJQCZ016jof/cbN4VW5Yz0=
gopkg.in/yaml.v3 v3.0.0-20200615113413-eeeca48fe776 h1:tQIYjPdBoyREyB9XMu+nnTclpTYkz2zFM+lzLJFO4gQ=
gopkg.in/yaml.v3 v3.0.0-20200615113413-eeeca48fe776/go.mod h1:K4uyk7z7BCEPqu6E+C64Yfv1cQ7kz7rIZviUmN+EgEM=
